
Microsoft Visual Studio Solution File, Format Version 12.00
# Visual Studio Version 17
VisualStudioVersion = 17.2.32526.322
MinimumVisualStudioVersion = 10.0.40219.1
Project("{9A19103F-16F7-4668-BE54-9A1E7A4F7556}") = "BE1109", "BE1109\BE1109.csproj", "{A03EF5A5-F1B3-4B78-BB8D-103D705B6784}"
EndProject
Project("{FAE04EC0-301F-11D3-BF4B-00C04F79EFBC}") = "WebMvcDemo", "WebMvcDemo\WebMvcDemo.csproj", "{BFFA7F2B-306E-4BD1-8AB1-713CDBB3D7ED}"
EndProject
Project("{FAE04EC0-301F-11D3-BF4B-00C04F79EFBC}") = "DataAccess.Demo", "DataAccess.Demo\DataAccess.Demo.csproj", "{907254CE-1EBA-4A85-9462-478945102E9F}"
EndProject
Project("{9A19103F-16F7-4668-BE54-9A1E7A4F7556}") = "WebNetCoreMvc", "WebNetCoreMvc\WebNetCoreMvc.csproj", "{4E53AC41-91F4-4914-880A-B3B8C6E567BE}"
EndProject
Project("{FAE04EC0-301F-11D3-BF4B-00C04F79EFBC}") = "DataAccess.Computer", "DataAccess.Computer\DataAccess.Computer.csproj", "{E14115B0-266B-45AC-B388-DBA0394F42DB}"
EndProject
Global
	GlobalSection(SolutionConfigurationPlatforms) = preSolution
		Debug|Any CPU = Debug|Any CPU
		Release|Any CPU = Release|Any CPU
	EndGlobalSection
	GlobalSection(ProjectConfigurationPlatforms) = postSolution
		{A03EF5A5-F1B3-4B78-BB8D-103D705B6784}.Debug|Any CPU.ActiveCfg = Debug|Any CPU
		{A03EF5A5-F1B3-4B78-BB8D-103D705B6784}.Debug|Any CPU.Build.0 = Debug|Any CPU
		{A03EF5A5-F1B3-4B78-BB8D-103D705B6784}.Release|Any CPU.ActiveCfg = Release|Any CPU
		{A03EF5A5-F1B3-4B78-BB8D-103D705B6784}.Release|Any CPU.Build.0 = Release|Any CPU
		{BFFA7F2B-306E-4BD1-8AB1-713CDBB3D7ED}.Debug|Any CPU.ActiveCfg = Debug|Any CPU
		{BFFA7F2B-306E-4BD1-8AB1-713CDBB3D7ED}.Debug|Any CPU.Build.0 = Debug|Any CPU
		{BFFA7F2B-306E-4BD1-8AB1-713CDBB3D7ED}.Release|Any CPU.ActiveCfg = Release|Any CPU
		{BFFA7F2B-306E-4BD1-8AB1-713CDBB3D7ED}.Release|Any CPU.Build.0 = Release|Any CPU
		{907254CE-1EBA-4A85-9462-478945102E9F}.Debug|Any CPU.ActiveCfg = Debug|Any CPU
		{907254CE-1EBA-4A85-9462-478945102E9F}.Debug|Any CPU.Build.0 = Debug|Any CPU
		{907254CE-1EBA-4A85-9462-478945102E9F}.Release|Any CPU.ActiveCfg = Release|Any CPU
		{907254CE-1EBA-4A85-9462-478945102E9F}.Release|Any CPU.Build.0 = Release|Any CPU
		{4E53AC41-91F4-4914-880A-B3B8C6E567BE}.Debug|Any CPU.ActiveCfg = Debug|Any CPU
		{4E53AC41-91F4-4914-880A-B3B8C6E567BE}.Debug|Any CPU.Build.0 = Debug|Any CPU
		{4E53AC41-91F4-4914-880A-B3B8C6E567BE}.Release|Any CPU.ActiveCfg = Release|Any CPU
		{4E53AC41-91F4-4914-880A-B3B8C6E567BE}.Release|Any CPU.Build.0 = Release|Any CPU
		{E14115B0-266B-45AC-B388-DBA0394F42DB}.Debug|Any CPU.ActiveCfg = Debug|Any CPU
		{E14115B0-266B-45AC-B388-DBA0394F42DB}.Debug|Any CPU.Build.0 = Debug|Any CPU
		{E14115B0-266B-45AC-B388-DBA0394F42DB}.Release|Any CPU.ActiveCfg = Release|Any CPU
		{E14115B0-266B-45AC-B388-DBA0394F42DB}.Release|Any CPU.Build.0 = Release|Any CPU
	EndGlobalSection
	GlobalSection(SolutionProperties) = preSolution
		HideSolutionNode = FALSE
	EndGlobalSection
	GlobalSection(ExtensibilityGlobals) = postSolution
		SolutionGuid = {C55C715E-4A42-4C94-ABAB-7EC6B136BE37}
	EndGlobalSection
EndGlobal
